# This file is automatically @generated by Cargo.
# It is not intended for manual editing.
version = 3

[[package]]
name = "abc_363_c"
version = "1.0.0"
dependencies = [
 "itertools",
 "permutohedron",
 "proconio",
]

[[package]]
name = "either"
version = "1.13.0"
source = "registry+https://github.com/rust-lang/crates.io-index"
checksum = "60b1af1c220855b6ceac025d3f6ecdd2b7c4894bfe9cd9bda4fbb4bc7c0d4cf0"

[[package]]
name = "itertools"
version = "0.13.0"
source = "registry+https://github.com/rust-lang/crates.io-index"
checksum = "413ee7dfc52ee1a4949ceeb7dbc8a33f2d6c088194d9f922fb8318faf1f01186"
dependencies = [
 "either",
]

[[package]]
name = "permutohedron"
version = "0.2.4"
source = "registry+https://github.com/rust-lang/crates.io-index"
checksum = "b687ff7b5da449d39e418ad391e5e08da53ec334903ddbb921db208908fc372c"

[[package]]
name = "proconio"
version = "0.5.0"
source = "registry+https://github.com/rust-lang/crates.io-index"
checksum = "c10091de86d0dc939b37a115d74597cbe83af470032a1729d50c98ccee043cb0"
